{
  "name": "edison-server",
  "version": "1.0.0",
  "lockfileVersion": 1,
  "requires": true,
  "dependencies": {
    "axios": {
      "version": "0.16.2",
      "resolved": "https://registry.npmjs.org/axios/-/axios-0.16.2.tgz",
      "integrity": "sha1-uk+S8XFn37q0CYN4VFS5rBScPG0="
    },
    "boom": {
      "version": "4.3.1",
      "resolved": "https://registry.npmjs.org/boom/-/boom-4.3.1.tgz",
      "integrity": "sha1-T4owBctKfjiJ90kDD9JbluAdLjE="
    },
    "chalk": {
      "version": "1.1.3",
      "resolved": "https://registry.npmjs.org/chalk/-/chalk-1.1.3.tgz",
      "integrity": "sha1-qBFcVeSnAv5NFQq9OHKCKn4J/Jg="
    },
    "config": {
      "version": "1.26.1",
      "resolved": "https://registry.npmjs.org/config/-/config-1.26.1.tgz",
      "integrity": "sha1-9kfOMsNF6AunOo6qeppLTlspDKE=",
      "dependencies": {
        "json5": {
          "version": "0.4.0",
          "resolved": "https://registry.npmjs.org/json5/-/json5-0.4.0.tgz",
          "integrity": "sha1-BUNS5MTIDIbAkjh31EneF2pzLI0="
        }
      }
    },
    "crc-32": {
      "version": "1.0.2",
      "resolved": "https://registry.npmjs.org/crc-32/-/crc-32-1.0.2.tgz",
      "integrity": "sha1-CVB5hO6bzOO9G4hh8N6KsQroGH0="
    },
    "dimigo": {
      "version": "1.0.2",
      "resolved": "https://registry.npmjs.org/dimigo/-/dimigo-1.0.2.tgz",
      "integrity": "sha1-/3cLhLp71BhGTak2tCBZygNu3nk="
    },
    "json5": {
      "version": "0.5.1",
      "resolved": "https://registry.npmjs.org/json5/-/json5-0.5.1.tgz",
      "integrity": "sha1-Hq3nrMASA0rYTiOWdn6tn6VJWCE="
    },
    "jsonwebtoken": {
      "version": "7.4.1",
      "resolved": "https://registry.npmjs.org/jsonwebtoken/-/jsonwebtoken-7.4.1.tgz",
      "integrity": "sha1-fKMk9SFfi+A5zTWmxFu4y3SkSPs="
    },
    "koa": {
      "version": "2.2.0",
      "resolved": "https://registry.npmjs.org/koa/-/koa-2.2.0.tgz",
      "integrity": "sha1-sFWTMYeEnVQK2Ln3MbqqS+l8ZS0="
    },
    "koa-bodyparser": {
      "version": "4.2.0",
      "resolved": "https://registry.npmjs.org/koa-bodyparser/-/koa-bodyparser-4.2.0.tgz",
      "integrity": "sha1-vObgi8Zfhwm20fqpQRx/DYk4qlQ="
    },
    "koa-conditional-get": {
      "version": "2.0.0",
      "resolved": "https://registry.npmjs.org/koa-conditional-get/-/koa-conditional-get-2.0.0.tgz",
      "integrity": "sha1-pD83I8HQFLcwo07Oit8wuTyCM/I="
    },
    "koa-etag": {
      "version": "3.0.0",
      "resolved": "https://registry.npmjs.org/koa-etag/-/koa-etag-3.0.0.tgz",
      "integrity": "sha1-nvc4Ld1agqsN6xU0FckVg293HT8="
    },
    "koa-jwt": {
      "version": "3.2.2",
      "resolved": "https://registry.npmjs.org/koa-jwt/-/koa-jwt-3.2.2.tgz",
      "integrity": "sha1-aA3mFYaWeKeVg4JwGQ16RFgeM04="
    },
    "koa-router": {
      "version": "7.2.0",
      "resolved": "https://registry.npmjs.org/koa-router/-/koa-router-7.2.0.tgz",
      "integrity": "sha1-yzW6lP7iYU05c2t/pTgWgbeq94w="
    },
    "moment": {
      "version": "2.29.2",
      "resolved": "https://registry.npmjs.org/moment/-/moment-2.29.2.tgz",
      "integrity": "sha512-UgzG4rvxYpN15jgCmVJwac49h9ly9NurikMWGPdVxm8GZD6XjkKPxDTjQQ43gtGgnV3X0cAyWDdP2Wexoquifg=="
    },
    "mongoose": {
      "version": "4.10.6",
      "resolved": "https://registry.npmjs.org/mongoose/-/mongoose-4.10.6.tgz",
      "integrity": "sha1-zFfa2Mi5FFy9LKVpalCBqVno/Ng="
    },
    "mongoose-hidden": {
      "version": "1.4.0",
      "resolved": "https://registry.npmjs.org/mongoose-hidden/-/mongoose-hidden-1.4.0.tgz",
      "integrity": "sha1-vUPaPMr+mdCJbI5ii/mdzopiIII="
    },
    "nodemon": {
      "version": "1.11.0",
      "resolved": "https://registry.npmjs.org/nodemon/-/nodemon-1.11.0.tgz",
      "integrity": "sha1-ImxWK9KnsT09dRi0mtSCijYj0Gw=",
      "dev": true
    },
    "sha256": {
      "version": "0.2.0",
      "resolved": "https://registry.npmjs.org/sha256/-/sha256-0.2.0.tgz",
      "integrity": "sha1-c6C0GNqrcDW/+G6EkeNjQS/CqwU="
    },
    "standard": {
      "version": "10.0.2",
      "resolved": "https://registry.npmjs.org/standard/-/standard-10.0.2.tgz",
      "integrity": "sha1-l0wcU8yGWwdaS1dueEQeFpXar3s=",
      "dev": true
    }
  }
}
